
Microsoft Visual Studio Solution File, Format Version 12.00
# Visual Studio Version 17
VisualStudioVersion = 17.10.35004.147
MinimumVisualStudioVersion = 10.0.40219.1
Project("{FAE04EC0-301F-11D3-BF4B-00C04F79EFBC}") = "collections", "collections\collections.csproj", "{6CEA3664-92F9-4362-8DBF-DE5AAD037C4F}"
EndProject
Global
	GlobalSection(SolutionConfigurationPlatforms) = preSolution
		Debug|Any CPU = Debug|Any CPU
		Release|Any CPU = Release|Any CPU
	EndGlobalSection
	GlobalSection(ProjectConfigurationPlatforms) = postSolution
		{6CEA3664-92F9-4362-8DBF-DE5AAD037C4F}.Debug|Any CPU.ActiveCfg = Debug|Any CPU
		{6CEA3664-92F9-4362-8DBF-DE5AAD037C4F}.Debug|Any CPU.Build.0 = Debug|Any CPU
		{6CEA3664-92F9-4362-8DBF-DE5AAD037C4F}.Release|Any CPU.ActiveCfg = Release|Any CPU
		{6CEA3664-92F9-4362-8DBF-DE5AAD037C4F}.Release|Any CPU.Build.0 = Release|Any CPU
	EndGlobalSection
	GlobalSection(SolutionProperties) = preSolution
		HideSolutionNode = FALSE
	EndGlobalSection
	GlobalSection(ExtensibilityGlobals) = postSolution
		SolutionGuid = {62A81570-2BD6-47A0-983A-2D8E042E4DB9}
	EndGlobalSection
EndGlobal
